
Microsoft Visual Studio Solution File, Format Version 12.00
# Visual Studio Version 17
VisualStudioVersion = 17.0.31903.59
MinimumVisualStudioVersion = 10.0.40219.1
Project("{9A19103F-16F7-4668-BE54-9A1E7A4F7556}") = "GraficaModerna.API", "GraficaModerna.API\GraficaModerna.API.csproj", "{674BA229-2B1E-4D19-8D6E-45C5ED6B09D9}"
EndProject
Project("{9A19103F-16F7-4668-BE54-9A1E7A4F7556}") = "GraficaModerna.Application", "GraficaModerna.Application\GraficaModerna.Application.csproj", "{C6F7EB08-1D12-490E-8C77-CB3DD283573E}"
EndProject
Project("{9A19103F-16F7-4668-BE54-9A1E7A4F7556}") = "GraficaModerna.Domain", "GraficaModerna.Domain\GraficaModerna.Domain.csproj", "{F1B5A2E2-A768-4087-A5EA-5A13D8D0CC7C}"
EndProject
Project("{9A19103F-16F7-4668-BE54-9A1E7A4F7556}") = "GraficaModerna.Infrastructure", "GraficaModerna.Infrastructure\GraficaModerna.Infrastructure.csproj", "{57C6E858-6394-498E-8E5F-47C271A7B17F}"
EndProject
Global
	GlobalSection(SolutionConfigurationPlatforms) = preSolution
		Debug|Any CPU = Debug|Any CPU
		Release|Any CPU = Release|Any CPU
	EndGlobalSection
	GlobalSection(ProjectConfigurationPlatforms) = postSolution
		{674BA229-2B1E-4D19-8D6E-45C5ED6B09D9}.Debug|Any CPU.ActiveCfg = Debug|Any CPU
		{674BA229-2B1E-4D19-8D6E-45C5ED6B09D9}.Debug|Any CPU.Build.0 = Debug|Any CPU
		{674BA229-2B1E-4D19-8D6E-45C5ED6B09D9}.Release|Any CPU.ActiveCfg = Release|Any CPU
		{674BA229-2B1E-4D19-8D6E-45C5ED6B09D9}.Release|Any CPU.Build.0 = Release|Any CPU
		{C6F7EB08-1D12-490E-8C77-CB3DD283573E}.Debug|Any CPU.ActiveCfg = Debug|Any CPU
		{C6F7EB08-1D12-490E-8C77-CB3DD283573E}.Debug|Any CPU.Build.0 = Debug|Any CPU
		{C6F7EB08-1D12-490E-8C77-CB3DD283573E}.Release|Any CPU.ActiveCfg = Release|Any CPU
		{C6F7EB08-1D12-490E-8C77-CB3DD283573E}.Release|Any CPU.Build.0 = Release|Any CPU
		{F1B5A2E2-A768-4087-A5EA-5A13D8D0CC7C}.Debug|Any CPU.ActiveCfg = Debug|Any CPU
		{F1B5A2E2-A768-4087-A5EA-5A13D8D0CC7C}.Debug|Any CPU.Build.0 = Debug|Any CPU
		{F1B5A2E2-A768-4087-A5EA-5A13D8D0CC7C}.Release|Any CPU.ActiveCfg = Release|Any CPU
		{F1B5A2E2-A768-4087-A5EA-5A13D8D0CC7C}.Release|Any CPU.Build.0 = Release|Any CPU
		{57C6E858-6394-498E-8E5F-47C271A7B17F}.Debug|Any CPU.ActiveCfg = Debug|Any CPU
		{57C6E858-6394-498E-8E5F-47C271A7B17F}.Debug|Any CPU.Build.0 = Debug|Any CPU
		{57C6E858-6394-498E-8E5F-47C271A7B17F}.Release|Any CPU.ActiveCfg = Release|Any CPU
		{57C6E858-6394-498E-8E5F-47C271A7B17F}.Release|Any CPU.Build.0 = Release|Any CPU
	EndGlobalSection
	GlobalSection(SolutionProperties) = preSolution
		HideSolutionNode = FALSE
	EndGlobalSection
EndGlobal
